{
  "name": "day24-svg2",
  "version": "1.0.0",
  "lockfileVersion": 1,
  "requires": true,
  "dependencies": {
    "eve-raphael": {
      "version": "0.5.0",
      "resolved": "http://r.cnpmjs.org/eve-raphael/download/eve-raphael-0.5.0.tgz",
      "integrity": "sha1-F8dUt5K+7z+maE15z1pHxjxM2jA="
    },
    "raphael": {
      "version": "2.3.0",
      "resolved": "http://r.cnpmjs.org/raphael/download/raphael-2.3.0.tgz",
      "integrity": "sha1-6r6wnbqGGh1M7gd+qvuMU/MTH4k=",
      "requires": {
        "eve-raphael": "0.5.0"
      }
    }
  }
}
