{
  "name": "day08_nodejs4",
  "version": "0.0.1",
  "lockfileVersion": 1,
  "requires": true,
  "dependencies": {
    "uuid": {
      "version": "7.0.2",
      "resolved": "http://r.cnpmjs.org/uuid/download/uuid-7.0.2.tgz",
      "integrity": "sha1-f/XCA0Z+kfXg2Fz8uq99LrvKm+Y=",
      "dev": true
    }
  }
}
